
Microsoft Visual Studio Solution File, Format Version 12.00
# Visual Studio Version 17
VisualStudioVersion = 17.9.34723.18
MinimumVisualStudioVersion = 10.0.40219.1
Project("{8BC9CEB8-8B4A-11D0-8D11-00A0C91BC942}") = "Task1.1", "ConsoleApplication3\ConsoleApplication3.vcxproj", "{A614E587-C326-4269-B634-3C19469EC914}"
EndProject
Project("{8BC9CEB8-8B4A-11D0-8D11-00A0C91BC942}") = "Task1.2", "ConsoleApplication1\ConsoleApplication1.vcxproj", "{2D665540-8670-4152-9153-C945B22A7703}"
EndProject
Project("{8BC9CEB8-8B4A-11D0-8D11-00A0C91BC942}") = "Task1.3", "Task1.3\Task1.3.vcxproj", "{1F559B85-0793-46A8-B6C8-03C4E6D1E7A0}"
EndProject
Project("{8BC9CEB8-8B4A-11D0-8D11-00A0C91BC942}") = "Task2.1", "Task2.1\Task2.1.vcxproj", "{E0322CCC-98E1-4407-88AB-E1229599D236}"
EndProject
Project("{8BC9CEB8-8B4A-11D0-8D11-00A0C91BC942}") = "Task2.2", "ConsoleApplication2\ConsoleApplication2.vcxproj", "{CEEDB321-F549-49B7-A2FB-7340D470E43F}"
EndProject
Project("{8BC9CEB8-8B4A-11D0-8D11-00A0C91BC942}") = "Task2.3", "Task2.3\Task2.3.vcxproj", "{263BB20E-15EE-4E1F-AB9A-5F53D3B2543F}"
EndProject
Project("{8BC9CEB8-8B4A-11D0-8D11-00A0C91BC942}") = "Task3.1", "Task3.1\Task3.1.vcxproj", "{418949AD-5CC1-4F67-8CBC-87000D00718B}"
EndProject
Project("{8BC9CEB8-8B4A-11D0-8D11-00A0C91BC942}") = "Task3.2", "Task3.2\Task3.2.vcxproj", "{C4C277A0-21F4-4CA4-83F3-2ECCDEC8F872}"
EndProject
Project("{8BC9CEB8-8B4A-11D0-8D11-00A0C91BC942}") = "Task3.3", "Task3.3\Task3.3.vcxproj", "{C5751BC2-7890-422A-8E22-9448477CBCEB}"
EndProject
Project("{8BC9CEB8-8B4A-11D0-8D11-00A0C91BC942}") = "Task3.4", "Task3.4\Task3.4.vcxproj", "{6662C026-2126-4F88-999A-02A087FCDE2B}"
EndProject
Project("{8BC9CEB8-8B4A-11D0-8D11-00A0C91BC942}") = "Task4.1", "Task4.1\Task4.1.vcxproj", "{B6D02020-5ADE-4768-8B36-9BDC8D82F925}"
EndProject
Project("{8BC9CEB8-8B4A-11D0-8D11-00A0C91BC942}") = "Task4.2", "Task4.2\Task4.2.vcxproj", "{FB03EE24-9E7A-49CD-B3CE-F62AA471E176}"
EndProject
Project("{8BC9CEB8-8B4A-11D0-8D11-00A0C91BC942}") = "Task4.3", "Task4.3\Task4.3.vcxproj", "{59AB380C-4826-41D6-9B5D-6577302122E0}"
EndProject
Project("{8BC9CEB8-8B4A-11D0-8D11-00A0C91BC942}") = "Task5.1", "Task5.1\Task5.1.vcxproj", "{1E81884C-0E9E-4F21-AF9B-489568EC45CA}"
EndProject
Project("{8BC9CEB8-8B4A-11D0-8D11-00A0C91BC942}") = "Task5.2", "Task5.2\Task5.2.vcxproj", "{C5C1DC32-5600-4962-9D1F-C995CA568FFD}"
EndProject
Project("{8BC9CEB8-8B4A-11D0-8D11-00A0C91BC942}") = "Task5.3", "Task5.3\Task5.3.vcxproj", "{47F2DD61-3036-4679-8D12-06C2A47E06F9}"
EndProject
Global
	GlobalSection(SolutionConfigurationPlatforms) = preSolution
		Debug|x64 = Debug|x64
		Debug|x86 = Debug|x86
		Release|x64 = Release|x64
		Release|x86 = Release|x86
	EndGlobalSection
	GlobalSection(ProjectConfigurationPlatforms) = postSolution
		{A614E587-C326-4269-B634-3C19469EC914}.Debug|x64.ActiveCfg = Debug|x64
		{A614E587-C326-4269-B634-3C19469EC914}.Debug|x64.Build.0 = Debug|x64
		{A614E587-C326-4269-B634-3C19469EC914}.Debug|x86.ActiveCfg = Debug|Win32
		{A614E587-C326-4269-B634-3C19469EC914}.Debug|x86.Build.0 = Debug|Win32
		{A614E587-C326-4269-B634-3C19469EC914}.Release|x64.ActiveCfg = Release|x64
		{A614E587-C326-4269-B634-3C19469EC914}.Release|x64.Build.0 = Release|x64
		{A614E587-C326-4269-B634-3C19469EC914}.Release|x86.ActiveCfg = Release|Win32
		{A614E587-C326-4269-B634-3C19469EC914}.Release|x86.Build.0 = Release|Win32
		{2D665540-8670-4152-9153-C945B22A7703}.Debug|x64.ActiveCfg = Debug|x64
		{2D665540-8670-4152-9153-C945B22A7703}.Debug|x64.Build.0 = Debug|x64
		{2D665540-8670-4152-9153-C945B22A7703}.Debug|x86.ActiveCfg = Debug|Win32
		{2D665540-8670-4152-9153-C945B22A7703}.Debug|x86.Build.0 = Debug|Win32
		{2D665540-8670-4152-9153-C945B22A7703}.Release|x64.ActiveCfg = Release|x64
		{2D665540-8670-4152-9153-C945B22A7703}.Release|x64.Build.0 = Release|x64
		{2D665540-8670-4152-9153-C945B22A7703}.Release|x86.ActiveCfg = Release|Win32
		{2D665540-8670-4152-9153-C945B22A7703}.Release|x86.Build.0 = Release|Win32
		{1F559B85-0793-46A8-B6C8-03C4E6D1E7A0}.Debug|x64.ActiveCfg = Debug|x64
		{1F559B85-0793-46A8-B6C8-03C4E6D1E7A0}.Debug|x64.Build.0 = Debug|x64
		{1F559B85-0793-46A8-B6C8-03C4E6D1E7A0}.Debug|x86.ActiveCfg = Debug|Win32
		{1F559B85-0793-46A8-B6C8-03C4E6D1E7A0}.Debug|x86.Build.0 = Debug|Win32
		{1F559B85-0793-46A8-B6C8-03C4E6D1E7A0}.Release|x64.ActiveCfg = Release|x64
		{1F559B85-0793-46A8-B6C8-03C4E6D1E7A0}.Release|x64.Build.0 = Release|x64
		{1F559B85-0793-46A8-B6C8-03C4E6D1E7A0}.Release|x86.ActiveCfg = Release|Win32
		{1F559B85-0793-46A8-B6C8-03C4E6D1E7A0}.Release|x86.Build.0 = Release|Win32
		{E0322CCC-98E1-4407-88AB-E1229599D236}.Debug|x64.ActiveCfg = Debug|x64
		{E0322CCC-98E1-4407-88AB-E1229599D236}.Debug|x64.Build.0 = Debug|x64
		{E0322CCC-98E1-4407-88AB-E1229599D236}.Debug|x86.ActiveCfg = Debug|Win32
		{E0322CCC-98E1-4407-88AB-E1229599D236}.Debug|x86.Build.0 = Debug|Win32
		{E0322CCC-98E1-4407-88AB-E1229599D236}.Release|x64.ActiveCfg = Release|x64
		{E0322CCC-98E1-4407-88AB-E1229599D236}.Release|x64.Build.0 = Release|x64
		{E0322CCC-98E1-4407-88AB-E1229599D236}.Release|x86.ActiveCfg = Release|Win32
		{E0322CCC-98E1-4407-88AB-E1229599D236}.Release|x86.Build.0 = Release|Win32
		{CEEDB321-F549-49B7-A2FB-7340D470E43F}.Debug|x64.ActiveCfg = Debug|x64
		{CEEDB321-F549-49B7-A2FB-7340D470E43F}.Debug|x64.Build.0 = Debug|x64
		{CEEDB321-F549-49B7-A2FB-7340D470E43F}.Debug|x86.ActiveCfg = Debug|Win32
		{CEEDB321-F549-49B7-A2FB-7340D470E43F}.Debug|x86.Build.0 = Debug|Win32
		{CEEDB321-F549-49B7-A2FB-7340D470E43F}.Release|x64.ActiveCfg = Release|x64
		{CEEDB321-F549-49B7-A2FB-7340D470E43F}.Release|x64.Build.0 = Release|x64
		{CEEDB321-F549-49B7-A2FB-7340D470E43F}.Release|x86.ActiveCfg = Release|Win32
		{CEEDB321-F549-49B7-A2FB-7340D470E43F}.Release|x86.Build.0 = Release|Win32
		{263BB20E-15EE-4E1F-AB9A-5F53D3B2543F}.Debug|x64.ActiveCfg = Debug|x64
		{263BB20E-15EE-4E1F-AB9A-5F53D3B2543F}.Debug|x64.Build.0 = Debug|x64
		{263BB20E-15EE-4E1F-AB9A-5F53D3B2543F}.Debug|x86.ActiveCfg = Debug|Win32
		{263BB20E-15EE-4E1F-AB9A-5F53D3B2543F}.Debug|x86.Build.0 = Debug|Win32
		{263BB20E-15EE-4E1F-AB9A-5F53D3B2543F}.Release|x64.ActiveCfg = Release|x64
		{263BB20E-15EE-4E1F-AB9A-5F53D3B2543F}.Release|x64.Build.0 = Release|x64
		{263BB20E-15EE-4E1F-AB9A-5F53D3B2543F}.Release|x86.ActiveCfg = Release|Win32
		{263BB20E-15EE-4E1F-AB9A-5F53D3B2543F}.Release|x86.Build.0 = Release|Win32
		{418949AD-5CC1-4F67-8CBC-87000D00718B}.Debug|x64.ActiveCfg = Debug|x64
		{418949AD-5CC1-4F67-8CBC-87000D00718B}.Debug|x64.Build.0 = Debug|x64
		{418949AD-5CC1-4F67-8CBC-87000D00718B}.Debug|x86.ActiveCfg = Debug|Win32
		{418949AD-5CC1-4F67-8CBC-87000D00718B}.Debug|x86.Build.0 = Debug|Win32
		{418949AD-5CC1-4F67-8CBC-87000D00718B}.Release|x64.ActiveCfg = Release|x64
		{418949AD-5CC1-4F67-8CBC-87000D00718B}.Release|x64.Build.0 = Release|x64
		{418949AD-5CC1-4F67-8CBC-87000D00718B}.Release|x86.ActiveCfg = Release|Win32
		{418949AD-5CC1-4F67-8CBC-87000D00718B}.Release|x86.Build.0 = Release|Win32
		{C4C277A0-21F4-4CA4-83F3-2ECCDEC8F872}.Debug|x64.ActiveCfg = Debug|x64
		{C4C277A0-21F4-4CA4-83F3-2ECCDEC8F872}.Debug|x64.Build.0 = Debug|x64
		{C4C277A0-21F4-4CA4-83F3-2ECCDEC8F872}.Debug|x86.ActiveCfg = Debug|Win32
		{C4C277A0-21F4-4CA4-83F3-2ECCDEC8F872}.Debug|x86.Build.0 = Debug|Win32
		{C4C277A0-21F4-4CA4-83F3-2ECCDEC8F872}.Release|x64.ActiveCfg = Release|x64
		{C4C277A0-21F4-4CA4-83F3-2ECCDEC8F872}.Release|x64.Build.0 = Release|x64
		{C4C277A0-21F4-4CA4-83F3-2ECCDEC8F872}.Release|x86.ActiveCfg = Release|Win32
		{C4C277A0-21F4-4CA4-83F3-2ECCDEC8F872}.Release|x86.Build.0 = Release|Win32
		{C5751BC2-7890-422A-8E22-9448477CBCEB}.Debug|x64.ActiveCfg = Debug|x64
		{C5751BC2-7890-422A-8E22-9448477CBCEB}.Debug|x64.Build.0 = Debug|x64
		{C5751BC2-7890-422A-8E22-9448477CBCEB}.Debug|x86.ActiveCfg = Debug|Win32
		{C5751BC2-7890-422A-8E22-9448477CBCEB}.Debug|x86.Build.0 = Debug|Win32
		{C5751BC2-7890-422A-8E22-9448477CBCEB}.Release|x64.ActiveCfg = Release|x64
		{C5751BC2-7890-422A-8E22-9448477CBCEB}.Release|x64.Build.0 = Release|x64
		{C5751BC2-7890-422A-8E22-9448477CBCEB}.Release|x86.ActiveCfg = Release|Win32
		{C5751BC2-7890-422A-8E22-9448477CBCEB}.Release|x86.Build.0 = Release|Win32
		{6662C026-2126-4F88-999A-02A087FCDE2B}.Debug|x64.ActiveCfg = Debug|x64
		{6662C026-2126-4F88-999A-02A087FCDE2B}.Debug|x64.Build.0 = Debug|x64
		{6662C026-2126-4F88-999A-02A087FCDE2B}.Debug|x86.ActiveCfg = Debug|Win32
		{6662C026-2126-4F88-999A-02A087FCDE2B}.Debug|x86.Build.0 = Debug|Win32
		{6662C026-2126-4F88-999A-02A087FCDE2B}.Release|x64.ActiveCfg = Release|x64
		{6662C026-2126-4F88-999A-02A087FCDE2B}.Release|x64.Build.0 = Release|x64
		{6662C026-2126-4F88-999A-02A087FCDE2B}.Release|x86.ActiveCfg = Release|Win32
		{6662C026-2126-4F88-999A-02A087FCDE2B}.Release|x86.Build.0 = Release|Win32
		{B6D02020-5ADE-4768-8B36-9BDC8D82F925}.Debug|x64.ActiveCfg = Debug|x64
		{B6D02020-5ADE-4768-8B36-9BDC8D82F925}.Debug|x64.Build.0 = Debug|x64
		{B6D02020-5ADE-4768-8B36-9BDC8D82F925}.Debug|x86.ActiveCfg = Debug|Win32
		{B6D02020-5ADE-4768-8B36-9BDC8D82F925}.Debug|x86.Build.0 = Debug|Win32
		{B6D02020-5ADE-4768-8B36-9BDC8D82F925}.Release|x64.ActiveCfg = Release|x64
		{B6D02020-5ADE-4768-8B36-9BDC8D82F925}.Release|x64.Build.0 = Release|x64
		{B6D02020-5ADE-4768-8B36-9BDC8D82F925}.Release|x86.ActiveCfg = Release|Win32
		{B6D02020-5ADE-4768-8B36-9BDC8D82F925}.Release|x86.Build.0 = Release|Win32
		{FB03EE24-9E7A-49CD-B3CE-F62AA471E176}.Debug|x64.ActiveCfg = Debug|x64
		{FB03EE24-9E7A-49CD-B3CE-F62AA471E176}.Debug|x64.Build.0 = Debug|x64
		{FB03EE24-9E7A-49CD-B3CE-F62AA471E176}.Debug|x86.ActiveCfg = Debug|Win32
		{FB03EE24-9E7A-49CD-B3CE-F62AA471E176}.Debug|x86.Build.0 = Debug|Win32
		{FB03EE24-9E7A-49CD-B3CE-F62AA471E176}.Release|x64.ActiveCfg = Release|x64
		{FB03EE24-9E7A-49CD-B3CE-F62AA471E176}.Release|x64.Build.0 = Release|x64
		{FB03EE24-9E7A-49CD-B3CE-F62AA471E176}.Release|x86.ActiveCfg = Release|Win32
		{FB03EE24-9E7A-49CD-B3CE-F62AA471E176}.Release|x86.Build.0 = Release|Win32
		{59AB380C-4826-41D6-9B5D-6577302122E0}.Debug|x64.ActiveCfg = Debug|x64
		{59AB380C-4826-41D6-9B5D-6577302122E0}.Debug|x64.Build.0 = Debug|x64
		{59AB380C-4826-41D6-9B5D-6577302122E0}.Debug|x86.ActiveCfg = Debug|Win32
		{59AB380C-4826-41D6-9B5D-6577302122E0}.Debug|x86.Build.0 = Debug|Win32
		{59AB380C-4826-41D6-9B5D-6577302122E0}.Release|x64.ActiveCfg = Release|x64
		{59AB380C-4826-41D6-9B5D-6577302122E0}.Release|x64.Build.0 = Release|x64
		{59AB380C-4826-41D6-9B5D-6577302122E0}.Release|x86.ActiveCfg = Release|Win32
		{59AB380C-4826-41D6-9B5D-6577302122E0}.Release|x86.Build.0 = Release|Win32
		{1E81884C-0E9E-4F21-AF9B-489568EC45CA}.Debug|x64.ActiveCfg = Debug|x64
		{1E81884C-0E9E-4F21-AF9B-489568EC45CA}.Debug|x64.Build.0 = Debug|x64
		{1E81884C-0E9E-4F21-AF9B-489568EC45CA}.Debug|x86.ActiveCfg = Debug|Win32
		{1E81884C-0E9E-4F21-AF9B-489568EC45CA}.Debug|x86.Build.0 = Debug|Win32
		{1E81884C-0E9E-4F21-AF9B-489568EC45CA}.Release|x64.ActiveCfg = Release|x64
		{1E81884C-0E9E-4F21-AF9B-489568EC45CA}.Release|x64.Build.0 = Release|x64
		{1E81884C-0E9E-4F21-AF9B-489568EC45CA}.Release|x86.ActiveCfg = Release|Win32
		{1E81884C-0E9E-4F21-AF9B-489568EC45CA}.Release|x86.Build.0 = Release|Win32
		{C5C1DC32-5600-4962-9D1F-C995CA568FFD}.Debug|x64.ActiveCfg = Debug|x64
		{C5C1DC32-5600-4962-9D1F-C995CA568FFD}.Debug|x64.Build.0 = Debug|x64
		{C5C1DC32-5600-4962-9D1F-C995CA568FFD}.Debug|x86.ActiveCfg = Debug|Win32
		{C5C1DC32-5600-4962-9D1F-C995CA568FFD}.Debug|x86.Build.0 = Debug|Win32
		{C5C1DC32-5600-4962-9D1F-C995CA568FFD}.Release|x64.ActiveCfg = Release|x64
		{C5C1DC32-5600-4962-9D1F-C995CA568FFD}.Release|x64.Build.0 = Release|x64
		{C5C1DC32-5600-4962-9D1F-C995CA568FFD}.Release|x86.ActiveCfg = Release|Win32
		{C5C1DC32-5600-4962-9D1F-C995CA568FFD}.Release|x86.Build.0 = Release|Win32
		{47F2DD61-3036-4679-8D12-06C2A47E06F9}.Debug|x64.ActiveCfg = Debug|x64
		{47F2DD61-3036-4679-8D12-06C2A47E06F9}.Debug|x64.Build.0 = Debug|x64
		{47F2DD61-3036-4679-8D12-06C2A47E06F9}.Debug|x86.ActiveCfg = Debug|Win32
		{47F2DD61-3036-4679-8D12-06C2A47E06F9}.Debug|x86.Build.0 = Debug|Win32
		{47F2DD61-3036-4679-8D12-06C2A47E06F9}.Release|x64.ActiveCfg = Release|x64
		{47F2DD61-3036-4679-8D12-06C2A47E06F9}.Release|x64.Build.0 = Release|x64
		{47F2DD61-3036-4679-8D12-06C2A47E06F9}.Release|x86.ActiveCfg = Release|Win32
		{47F2DD61-3036-4679-8D12-06C2A47E06F9}.Release|x86.Build.0 = Release|Win32
	EndGlobalSection
	GlobalSection(SolutionProperties) = preSolution
		HideSolutionNode = FALSE
	EndGlobalSection
	GlobalSection(ExtensibilityGlobals) = postSolution
		SolutionGuid = {1C1B7499-A15A-4897-90E6-A59DF604F0E6}
	EndGlobalSection
EndGlobal
